
Microsoft Visual Studio Solution File, Format Version 12.00
# Visual Studio 15
VisualStudioVersion = 15.0.28307.572
MinimumVisualStudioVersion = 10.0.40219.1
Project("{FAE04EC0-301F-11D3-BF4B-00C04F79EFBC}") = "mytutor.Android", "mytutor\mytutor.Android\mytutor.Android.csproj", "{782A223C-A5BB-45CE-8384-7DAC1782A2FC}"
EndProject
Project("{FAE04EC0-301F-11D3-BF4B-00C04F79EFBC}") = "mytutor.iOS", "mytutor\mytutor.iOS\mytutor.iOS.csproj", "{9EDE3CFB-2DD9-430D-A3AD-53D00D71247E}"
EndProject
Project("{FAE04EC0-301F-11D3-BF4B-00C04F79EFBC}") = "mytutor.UWP", "mytutor\mytutor.UWP\mytutor.UWP.csproj", "{EF5AEDC4-2713-4285-ABE9-31624308EF68}"
EndProject
Project("{FAE04EC0-301F-11D3-BF4B-00C04F79EFBC}") = "mytutor", "mytutor\mytutor\mytutor.csproj", "{1A419129-79F7-4972-97F9-1FB5BBBDAED4}"
EndProject
Global
	GlobalSection(SolutionConfigurationPlatforms) = preSolution
		Ad-Hoc|Any CPU = Ad-Hoc|Any CPU
		Ad-Hoc|ARM = Ad-Hoc|ARM
		Ad-Hoc|iPhone = Ad-Hoc|iPhone
		Ad-Hoc|iPhoneSimulator = Ad-Hoc|iPhoneSimulator
		Ad-Hoc|x64 = Ad-Hoc|x64
		Ad-Hoc|x86 = Ad-Hoc|x86
		AppStore|Any CPU = AppStore|Any CPU
		AppStore|ARM = AppStore|ARM
		AppStore|iPhone = AppStore|iPhone
		AppStore|iPhoneSimulator = AppStore|iPhoneSimulator
		AppStore|x64 = AppStore|x64
		AppStore|x86 = AppStore|x86
		Debug|Any CPU = Debug|Any CPU
		Debug|ARM = Debug|ARM
		Debug|iPhone = Debug|iPhone
		Debug|iPhoneSimulator = Debug|iPhoneSimulator
		Debug|x64 = Debug|x64
		Debug|x86 = Debug|x86
		Release|Any CPU = Release|Any CPU
		Release|ARM = Release|ARM
		Release|iPhone = Release|iPhone
		Release|iPhoneSimulator = Release|iPhoneSimulator
		Release|x64 = Release|x64
		Release|x86 = Release|x86
	EndGlobalSection
	GlobalSection(ProjectConfigurationPlatforms) = postSolution
		{782A223C-A5BB-45CE-8384-7DAC1782A2FC}.Ad-Hoc|Any CPU.ActiveCfg = Release|Any CPU
		{782A223C-A5BB-45CE-8384-7DAC1782A2FC}.Ad-Hoc|Any CPU.Build.0 = Release|Any CPU
		{782A223C-A5BB-45CE-8384-7DAC1782A2FC}.Ad-Hoc|Any CPU.Deploy.0 = Release|Any CPU
		{782A223C-A5BB-45CE-8384-7DAC1782A2FC}.Ad-Hoc|ARM.ActiveCfg = Release|Any CPU
		{782A223C-A5BB-45CE-8384-7DAC1782A2FC}.Ad-Hoc|ARM.Build.0 = Release|Any CPU
		{782A223C-A5BB-45CE-8384-7DAC1782A2FC}.Ad-Hoc|ARM.Deploy.0 = Release|Any CPU
		{782A223C-A5BB-45CE-8384-7DAC1782A2FC}.Ad-Hoc|iPhone.ActiveCfg = Release|Any CPU
		{782A223C-A5BB-45CE-8384-7DAC1782A2FC}.Ad-Hoc|iPhone.Build.0 = Release|Any CPU
		{782A223C-A5BB-45CE-8384-7DAC1782A2FC}.Ad-Hoc|iPhone.Deploy.0 = Release|Any CPU
		{782A223C-A5BB-45CE-8384-7DAC1782A2FC}.Ad-Hoc|iPhoneSimulator.ActiveCfg = Release|Any CPU
		{782A223C-A5BB-45CE-8384-7DAC1782A2FC}.Ad-Hoc|iPhoneSimulator.Build.0 = Release|Any CPU
		{782A223C-A5BB-45CE-8384-7DAC1782A2FC}.Ad-Hoc|iPhoneSimulator.Deploy.0 = Release|Any CPU
		{782A223C-A5BB-45CE-8384-7DAC1782A2FC}.Ad-Hoc|x64.ActiveCfg = Release|Any CPU
		{782A223C-A5BB-45CE-8384-7DAC1782A2FC}.Ad-Hoc|x64.Build.0 = Release|Any CPU
		{782A223C-A5BB-45CE-8384-7DAC1782A2FC}.Ad-Hoc|x64.Deploy.0 = Release|Any CPU
		{782A223C-A5BB-45CE-8384-7DAC1782A2FC}.Ad-Hoc|x86.ActiveCfg = Release|Any CPU
		{782A223C-A5BB-45CE-8384-7DAC1782A2FC}.Ad-Hoc|x86.Build.0 = Release|Any CPU
		{782A223C-A5BB-45CE-8384-7DAC1782A2FC}.Ad-Hoc|x86.Deploy.0 = Release|Any CPU
		{782A223C-A5BB-45CE-8384-7DAC1782A2FC}.AppStore|Any CPU.ActiveCfg = Release|Any CPU
		{782A223C-A5BB-45CE-8384-7DAC1782A2FC}.AppStore|Any CPU.Build.0 = Release|Any CPU
		{782A223C-A5BB-45CE-8384-7DAC1782A2FC}.AppStore|Any CPU.Deploy.0 = Release|Any CPU
		{782A223C-A5BB-45CE-8384-7DAC1782A2FC}.AppStore|ARM.ActiveCfg = Release|Any CPU
		{782A223C-A5BB-45CE-8384-7DAC1782A2FC}.AppStore|ARM.Build.0 = Release|Any CPU
		{782A223C-A5BB-45CE-8384-7DAC1782A2FC}.AppStore|ARM.Deploy.0 = Release|Any CPU
		{782A223C-A5BB-45CE-8384-7DAC1782A2FC}.AppStore|iPhone.ActiveCfg = Release|Any CPU
		{782A223C-A5BB-45CE-8384-7DAC1782A2FC}.AppStore|iPhone.Build.0 = Release|Any CPU
		{782A223C-A5BB-45CE-8384-7DAC1782A2FC}.AppStore|iPhone.Deploy.0 = Release|Any CPU
		{782A223C-A5BB-45CE-8384-7DAC1782A2FC}.AppStore|iPhoneSimulator.ActiveCfg = Release|Any CPU
		{782A223C-A5BB-45CE-8384-7DAC1782A2FC}.AppStore|iPhoneSimulator.Build.0 = Release|Any CPU
		{782A223C-A5BB-45CE-8384-7DAC1782A2FC}.AppStore|iPhoneSimulator.Deploy.0 = Release|Any CPU
		{782A223C-A5BB-45CE-8384-7DAC1782A2FC}.AppStore|x64.ActiveCfg = Release|Any CPU
		{782A223C-A5BB-45CE-8384-7DAC1782A2FC}.AppStore|x64.Build.0 = Release|Any CPU
		{782A223C-A5BB-45CE-8384-7DAC1782A2FC}.AppStore|x64.Deploy.0 = Release|Any CPU
		{782A223C-A5BB-45CE-8384-7DAC1782A2FC}.AppStore|x86.ActiveCfg = Release|Any CPU
		{782A223C-A5BB-45CE-8384-7DAC1782A2FC}.AppStore|x86.Build.0 = Release|Any CPU
		{782A223C-A5BB-45CE-8384-7DAC1782A2FC}.AppStore|x86.Deploy.0 = Release|Any CPU
		{782A223C-A5BB-45CE-8384-7DAC1782A2FC}.Debug|Any CPU.ActiveCfg = Debug|Any CPU
		{782A223C-A5BB-45CE-8384-7DAC1782A2FC}.Debug|Any CPU.Build.0 = Debug|Any CPU
		{782A223C-A5BB-45CE-8384-7DAC1782A2FC}.Debug|Any CPU.Deploy.0 = Debug|Any CPU
		{782A223C-A5BB-45CE-8384-7DAC1782A2FC}.Debug|ARM.ActiveCfg = Debug|Any CPU
		{782A223C-A5BB-45CE-8384-7DAC1782A2FC}.Debug|ARM.Build.0 = Debug|Any CPU
		{782A223C-A5BB-45CE-8384-7DAC1782A2FC}.Debug|ARM.Deploy.0 = Debug|Any CPU
		{782A223C-A5BB-45CE-8384-7DAC1782A2FC}.Debug|iPhone.ActiveCfg = Debug|Any CPU
		{782A223C-A5BB-45CE-8384-7DAC1782A2FC}.Debug|iPhone.Build.0 = Debug|Any CPU
		{782A223C-A5BB-45CE-8384-7DAC1782A2FC}.Debug|iPhone.Deploy.0 = Debug|Any CPU
		{782A223C-A5BB-45CE-8384-7DAC1782A2FC}.Debug|iPhoneSimulator.ActiveCfg = Debug|Any CPU
		{782A223C-A5BB-45CE-8384-7DAC1782A2FC}.Debug|iPhoneSimulator.Build.0 = Debug|Any CPU
		{782A223C-A5BB-45CE-8384-7DAC1782A2FC}.Debug|iPhoneSimulator.Deploy.0 = Debug|Any CPU
		{782A223C-A5BB-45CE-8384-7DAC1782A2FC}.Debug|x64.ActiveCfg = Debug|Any CPU
		{782A223C-A5BB-45CE-8384-7DAC1782A2FC}.Debug|x64.Build.0 = Debug|Any CPU
		{782A223C-A5BB-45CE-8384-7DAC1782A2FC}.Debug|x64.Deploy.0 = Debug|Any CPU
		{782A223C-A5BB-45CE-8384-7DAC1782A2FC}.Debug|x86.ActiveCfg = Debug|Any CPU
		{782A223C-A5BB-45CE-8384-7DAC1782A2FC}.Debug|x86.Build.0 = Debug|Any CPU
		{782A223C-A5BB-45CE-8384-7DAC1782A2FC}.Debug|x86.Deploy.0 = Debug|Any CPU
		{782A223C-A5BB-45CE-8384-7DAC1782A2FC}.Release|Any CPU.ActiveCfg = Release|Any CPU
		{782A223C-A5BB-45CE-8384-7DAC1782A2FC}.Release|Any CPU.Build.0 = Release|Any CPU
		{782A223C-A5BB-45CE-8384-7DAC1782A2FC}.Release|Any CPU.Deploy.0 = Release|Any CPU
		{782A223C-A5BB-45CE-8384-7DAC1782A2FC}.Release|ARM.ActiveCfg = Release|Any CPU
		{782A223C-A5BB-45CE-8384-7DAC1782A2FC}.Release|ARM.Build.0 = Release|Any CPU
		{782A223C-A5BB-45CE-8384-7DAC1782A2FC}.Release|ARM.Deploy.0 = Release|Any CPU
		{782A223C-A5BB-45CE-8384-7DAC1782A2FC}.Release|iPhone.ActiveCfg = Release|Any CPU
		{782A223C-A5BB-45CE-8384-7DAC1782A2FC}.Release|iPhone.Build.0 = Release|Any CPU
		{782A223C-A5BB-45CE-8384-7DAC1782A2FC}.Release|iPhone.Deploy.0 = Release|Any CPU
		{782A223C-A5BB-45CE-8384-7DAC1782A2FC}.Release|iPhoneSimulator.ActiveCfg = Release|Any CPU
		{782A223C-A5BB-45CE-8384-7DAC1782A2FC}.Release|iPhoneSimulator.Build.0 = Release|Any CPU
		{782A223C-A5BB-45CE-8384-7DAC1782A2FC}.Release|iPhoneSimulator.Deploy.0 = Release|Any CPU
		{782A223C-A5BB-45CE-8384-7DAC1782A2FC}.Release|x64.ActiveCfg = Release|Any CPU
		{782A223C-A5BB-45CE-8384-7DAC1782A2FC}.Release|x64.Build.0 = Release|Any CPU
		{782A223C-A5BB-45CE-8384-7DAC1782A2FC}.Release|x64.Deploy.0 = Release|Any CPU
		{782A223C-A5BB-45CE-8384-7DAC1782A2FC}.Release|x86.ActiveCfg = Release|Any CPU
		{782A223C-A5BB-45CE-8384-7DAC1782A2FC}.Release|x86.Build.0 = Release|Any CPU
		{782A223C-A5BB-45CE-8384-7DAC1782A2FC}.Release|x86.Deploy.0 = Release|Any CPU
		{9EDE3CFB-2DD9-430D-A3AD-53D00D71247E}.Ad-Hoc|Any CPU.ActiveCfg = Ad-Hoc|iPhone
		{9EDE3CFB-2DD9-430D-A3AD-53D00D71247E}.Ad-Hoc|Any CPU.Build.0 = Ad-Hoc|iPhone
		{9EDE3CFB-2DD9-430D-A3AD-53D00D71247E}.Ad-Hoc|Any CPU.Deploy.0 = Ad-Hoc|iPhone
		{9EDE3CFB-2DD9-430D-A3AD-53D00D71247E}.Ad-Hoc|ARM.ActiveCfg = Ad-Hoc|iPhone
		{9EDE3CFB-2DD9-430D-A3AD-53D00D71247E}.Ad-Hoc|ARM.Build.0 = Ad-Hoc|iPhone
		{9EDE3CFB-2DD9-430D-A3AD-53D00D71247E}.Ad-Hoc|ARM.Deploy.0 = Ad-Hoc|iPhone
		{9EDE3CFB-2DD9-430D-A3AD-53D00D71247E}.Ad-Hoc|iPhone.ActiveCfg = Ad-Hoc|iPhone
		{9EDE3CFB-2DD9-430D-A3AD-53D00D71247E}.Ad-Hoc|iPhone.Build.0 = Ad-Hoc|iPhone
		{9EDE3CFB-2DD9-430D-A3AD-53D00D71247E}.Ad-Hoc|iPhone.Deploy.0 = Ad-Hoc|iPhone
		{9EDE3CFB-2DD9-430D-A3AD-53D00D71247E}.Ad-Hoc|iPhoneSimulator.ActiveCfg = Ad-Hoc|iPhoneSimulator
		{9EDE3CFB-2DD9-430D-A3AD-53D00D71247E}.Ad-Hoc|iPhoneSimulator.Build.0 = Ad-Hoc|iPhoneSimulator
		{9EDE3CFB-2DD9-430D-A3AD-53D00D71247E}.Ad-Hoc|iPhoneSimulator.Deploy.0 = Ad-Hoc|iPhoneSimulator
		{9EDE3CFB-2DD9-430D-A3AD-53D00D71247E}.Ad-Hoc|x64.ActiveCfg = Ad-Hoc|iPhone
		{9EDE3CFB-2DD9-430D-A3AD-53D00D71247E}.Ad-Hoc|x64.Build.0 = Ad-Hoc|iPhone
		{9EDE3CFB-2DD9-430D-A3AD-53D00D71247E}.Ad-Hoc|x64.Deploy.0 = Ad-Hoc|iPhone
		{9EDE3CFB-2DD9-430D-A3AD-53D00D71247E}.Ad-Hoc|x86.ActiveCfg = Ad-Hoc|iPhone
		{9EDE3CFB-2DD9-430D-A3AD-53D00D71247E}.Ad-Hoc|x86.Build.0 = Ad-Hoc|iPhone
		{9EDE3CFB-2DD9-430D-A3AD-53D00D71247E}.Ad-Hoc|x86.Deploy.0 = Ad-Hoc|iPhone
		{9EDE3CFB-2DD9-430D-A3AD-53D00D71247E}.AppStore|Any CPU.ActiveCfg = AppStore|iPhone
		{9EDE3CFB-2DD9-430D-A3AD-53D00D71247E}.AppStore|Any CPU.Build.0 = AppStore|iPhone
		{9EDE3CFB-2DD9-430D-A3AD-53D00D71247E}.AppStore|Any CPU.Deploy.0 = AppStore|iPhone
		{9EDE3CFB-2DD9-430D-A3AD-53D00D71247E}.AppStore|ARM.ActiveCfg = AppStore|iPhone
		{9EDE3CFB-2DD9-430D-A3AD-53D00D71247E}.AppStore|ARM.Build.0 = AppStore|iPhone
		{9EDE3CFB-2DD9-430D-A3AD-53D00D71247E}.AppStore|ARM.Deploy.0 = AppStore|iPhone
		{9EDE3CFB-2DD9-430D-A3AD-53D00D71247E}.AppStore|iPhone.ActiveCfg = AppStore|iPhone
		{9EDE3CFB-2DD9-430D-A3AD-53D00D71247E}.AppStore|iPhone.Build.0 = AppStore|iPhone
		{9EDE3CFB-2DD9-430D-A3AD-53D00D71247E}.AppStore|iPhone.Deploy.0 = AppStore|iPhone
		{9EDE3CFB-2DD9-430D-A3AD-53D00D71247E}.AppStore|iPhoneSimulator.ActiveCfg = AppStore|iPhoneSimulator
		{9EDE3CFB-2DD9-430D-A3AD-53D00D71247E}.AppStore|iPhoneSimulator.Build.0 = AppStore|iPhoneSimulator
		{9EDE3CFB-2DD9-430D-A3AD-53D00D71247E}.AppStore|iPhoneSimulator.Deploy.0 = AppStore|iPhoneSimulator
		{9EDE3CFB-2DD9-430D-A3AD-53D00D71247E}.AppStore|x64.ActiveCfg = AppStore|iPhone
		{9EDE3CFB-2DD9-430D-A3AD-53D00D71247E}.AppStore|x64.Build.0 = AppStore|iPhone
		{9EDE3CFB-2DD9-430D-A3AD-53D00D71247E}.AppStore|x64.Deploy.0 = AppStore|iPhone
		{9EDE3CFB-2DD9-430D-A3AD-53D00D71247E}.AppStore|x86.ActiveCfg = AppStore|iPhone
		{9EDE3CFB-2DD9-430D-A3AD-53D00D71247E}.AppStore|x86.Build.0 = AppStore|iPhone
		{9EDE3CFB-2DD9-430D-A3AD-53D00D71247E}.AppStore|x86.Deploy.0 = AppStore|iPhone
		{9EDE3CFB-2DD9-430D-A3AD-53D00D71247E}.Debug|Any CPU.ActiveCfg = Debug|iPhoneSimulator
		{9EDE3CFB-2DD9-430D-A3AD-53D00D71247E}.Debug|Any CPU.Build.0 = Debug|iPhoneSimulator
		{9EDE3CFB-2DD9-430D-A3AD-53D00D71247E}.Debug|Any CPU.Deploy.0 = Debug|iPhoneSimulator
		{9EDE3CFB-2DD9-430D-A3AD-53D00D71247E}.Debug|ARM.ActiveCfg = Debug|iPhone
		{9EDE3CFB-2DD9-430D-A3AD-53D00D71247E}.Debug|ARM.Build.0 = Debug|iPhone
		{9EDE3CFB-2DD9-430D-A3AD-53D00D71247E}.Debug|ARM.Deploy.0 = Debug|iPhone
		{9EDE3CFB-2DD9-430D-A3AD-53D00D71247E}.Debug|iPhone.ActiveCfg = Debug|iPhone
		{9EDE3CFB-2DD9-430D-A3AD-53D00D71247E}.Debug|iPhone.Build.0 = Debug|iPhone
		{9EDE3CFB-2DD9-430D-A3AD-53D00D71247E}.Debug|iPhone.Deploy.0 = Debug|iPhone
		{9EDE3CFB-2DD9-430D-A3AD-53D00D71247E}.Debug|iPhoneSimulator.ActiveCfg = Debug|iPhoneSimulator
		{9EDE3CFB-2DD9-430D-A3AD-53D00D71247E}.Debug|iPhoneSimulator.Build.0 = Debug|iPhoneSimulator
		{9EDE3CFB-2DD9-430D-A3AD-53D00D71247E}.Debug|iPhoneSimulator.Deploy.0 = Debug|iPhoneSimulator
		{9EDE3CFB-2DD9-430D-A3AD-53D00D71247E}.Debug|x64.ActiveCfg = Debug|iPhone
		{9EDE3CFB-2DD9-430D-A3AD-53D00D71247E}.Debug|x64.Build.0 = Debug|iPhone
		{9EDE3CFB-2DD9-430D-A3AD-53D00D71247E}.Debug|x64.Deploy.0 = Debug|iPhone
		{9EDE3CFB-2DD9-430D-A3AD-53D00D71247E}.Debug|x86.ActiveCfg = Debug|iPhone
		{9EDE3CFB-2DD9-430D-A3AD-53D00D71247E}.Debug|x86.Build.0 = Debug|iPhone
		{9EDE3CFB-2DD9-430D-A3AD-53D00D71247E}.Debug|x86.Deploy.0 = Debug|iPhone
		{9EDE3CFB-2DD9-430D-A3AD-53D00D71247E}.Release|Any CPU.ActiveCfg = Release|iPhone
		{9EDE3CFB-2DD9-430D-A3AD-53D00D71247E}.Release|Any CPU.Build.0 = Release|iPhone
		{9EDE3CFB-2DD9-430D-A3AD-53D00D71247E}.Release|Any CPU.Deploy.0 = Release|iPhone
		{9EDE3CFB-2DD9-430D-A3AD-53D00D71247E}.Release|ARM.ActiveCfg = Release|iPhone
		{9EDE3CFB-2DD9-430D-A3AD-53D00D71247E}.Release|ARM.Build.0 = Release|iPhone
		{9EDE3CFB-2DD9-430D-A3AD-53D00D71247E}.Release|ARM.Deploy.0 = Release|iPhone
		{9EDE3CFB-2DD9-430D-A3AD-53D00D71247E}.Release|iPhone.ActiveCfg = Release|iPhone
		{9EDE3CFB-2DD9-430D-A3AD-53D00D71247E}.Release|iPhone.Build.0 = Release|iPhone
		{9EDE3CFB-2DD9-430D-A3AD-53D00D71247E}.Release|iPhone.Deploy.0 = Release|iPhone
		{9EDE3CFB-2DD9-430D-A3AD-53D00D71247E}.Release|iPhoneSimulator.ActiveCfg = Release|iPhoneSimulator
		{9EDE3CFB-2DD9-430D-A3AD-53D00D71247E}.Release|iPhoneSimulator.Build.0 = Release|iPhoneSimulator
		{9EDE3CFB-2DD9-430D-A3AD-53D00D71247E}.Release|iPhoneSimulator.Deploy.0 = Release|iPhoneSimulator
		{9EDE3CFB-2DD9-430D-A3AD-53D00D71247E}.Release|x64.ActiveCfg = Release|iPhone
		{9EDE3CFB-2DD9-430D-A3AD-53D00D71247E}.Release|x64.Build.0 = Release|iPhone
		{9EDE3CFB-2DD9-430D-A3AD-53D00D71247E}.Release|x64.Deploy.0 = Release|iPhone
		{9EDE3CFB-2DD9-430D-A3AD-53D00D71247E}.Release|x86.ActiveCfg = Release|iPhone
		{9EDE3CFB-2DD9-430D-A3AD-53D00D71247E}.Release|x86.Build.0 = Release|iPhone
		{9EDE3CFB-2DD9-430D-A3AD-53D00D71247E}.Release|x86.Deploy.0 = Release|iPhone
		{EF5AEDC4-2713-4285-ABE9-31624308EF68}.Ad-Hoc|Any CPU.ActiveCfg = Release|x86
		{EF5AEDC4-2713-4285-ABE9-31624308EF68}.Ad-Hoc|Any CPU.Build.0 = Release|x86
		{EF5AEDC4-2713-4285-ABE9-31624308EF68}.Ad-Hoc|Any CPU.Deploy.0 = Release|x86
		{EF5AEDC4-2713-4285-ABE9-31624308EF68}.Ad-Hoc|ARM.ActiveCfg = Release|ARM
		{EF5AEDC4-2713-4285-ABE9-31624308EF68}.Ad-Hoc|ARM.Build.0 = Release|ARM
		{EF5AEDC4-2713-4285-ABE9-31624308EF68}.Ad-Hoc|ARM.Deploy.0 = Release|ARM
		{EF5AEDC4-2713-4285-ABE9-31624308EF68}.Ad-Hoc|iPhone.ActiveCfg = Release|x86
		{EF5AEDC4-2713-4285-ABE9-31624308EF68}.Ad-Hoc|iPhone.Build.0 = Release|x86
		{EF5AEDC4-2713-4285-ABE9-31624308EF68}.Ad-Hoc|iPhone.Deploy.0 = Release|x86
		{EF5AEDC4-2713-4285-ABE9-31624308EF68}.Ad-Hoc|iPhoneSimulator.ActiveCfg = Release|x86
		{EF5AEDC4-2713-4285-ABE9-31624308EF68}.Ad-Hoc|iPhoneSimulator.Build.0 = Release|x86
		{EF5AEDC4-2713-4285-ABE9-31624308EF68}.Ad-Hoc|iPhoneSimulator.Deploy.0 = Release|x86
		{EF5AEDC4-2713-4285-ABE9-31624308EF68}.Ad-Hoc|x64.ActiveCfg = Release|x64
		{EF5AEDC4-2713-4285-ABE9-31624308EF68}.Ad-Hoc|x64.Build.0 = Release|x64
		{EF5AEDC4-2713-4285-ABE9-31624308EF68}.Ad-Hoc|x64.Deploy.0 = Release|x64
		{EF5AEDC4-2713-4285-ABE9-31624308EF68}.Ad-Hoc|x86.ActiveCfg = Release|x86
		{EF5AEDC4-2713-4285-ABE9-31624308EF68}.Ad-Hoc|x86.Build.0 = Release|x86
		{EF5AEDC4-2713-4285-ABE9-31624308EF68}.Ad-Hoc|x86.Deploy.0 = Release|x86
		{EF5AEDC4-2713-4285-ABE9-31624308EF68}.AppStore|Any CPU.ActiveCfg = Release|x86
		{EF5AEDC4-2713-4285-ABE9-31624308EF68}.AppStore|Any CPU.Build.0 = Release|x86
		{EF5AEDC4-2713-4285-ABE9-31624308EF68}.AppStore|Any CPU.Deploy.0 = Release|x86
		{EF5AEDC4-2713-4285-ABE9-31624308EF68}.AppStore|ARM.ActiveCfg = Release|ARM
		{EF5AEDC4-2713-4285-ABE9-31624308EF68}.AppStore|ARM.Build.0 = Release|ARM
		{EF5AEDC4-2713-4285-ABE9-31624308EF68}.AppStore|ARM.Deploy.0 = Release|ARM
		{EF5AEDC4-2713-4285-ABE9-31624308EF68}.AppStore|iPhone.ActiveCfg = Release|x86
		{EF5AEDC4-2713-4285-ABE9-31624308EF68}.AppStore|iPhone.Build.0 = Release|x86
		{EF5AEDC4-2713-4285-ABE9-31624308EF68}.AppStore|iPhone.Deploy.0 = Release|x86
		{EF5AEDC4-2713-4285-ABE9-31624308EF68}.AppStore|iPhoneSimulator.ActiveCfg = Release|x86
		{EF5AEDC4-2713-4285-ABE9-31624308EF68}.AppStore|iPhoneSimulator.Build.0 = Release|x86
		{EF5AEDC4-2713-4285-ABE9-31624308EF68}.AppStore|iPhoneSimulator.Deploy.0 = Release|x86
		{EF5AEDC4-2713-4285-ABE9-31624308EF68}.AppStore|x64.ActiveCfg = Release|x64
		{EF5AEDC4-2713-4285-ABE9-31624308EF68}.AppStore|x64.Build.0 = Release|x64
		{EF5AEDC4-2713-4285-ABE9-31624308EF68}.AppStore|x64.Deploy.0 = Release|x64
		{EF5AEDC4-2713-4285-ABE9-31624308EF68}.AppStore|x86.ActiveCfg = Release|x86
		{EF5AEDC4-2713-4285-ABE9-31624308EF68}.AppStore|x86.Build.0 = Release|x86
		{EF5AEDC4-2713-4285-ABE9-31624308EF68}.AppStore|x86.Deploy.0 = Release|x86
		{EF5AEDC4-2713-4285-ABE9-31624308EF68}.Debug|Any CPU.ActiveCfg = Debug|x86
		{EF5AEDC4-2713-4285-ABE9-31624308EF68}.Debug|Any CPU.Build.0 = Debug|x86
		{EF5AEDC4-2713-4285-ABE9-31624308EF68}.Debug|Any CPU.Deploy.0 = Debug|x86
		{EF5AEDC4-2713-4285-ABE9-31624308EF68}.Debug|ARM.ActiveCfg = Debug|ARM
		{EF5AEDC4-2713-4285-ABE9-31624308EF68}.Debug|ARM.Build.0 = Debug|ARM
		{EF5AEDC4-2713-4285-ABE9-31624308EF68}.Debug|ARM.Deploy.0 = Debug|ARM
		{EF5AEDC4-2713-4285-ABE9-31624308EF68}.Debug|iPhone.ActiveCfg = Debug|x86
		{EF5AEDC4-2713-4285-ABE9-31624308EF68}.Debug|iPhone.Build.0 = Debug|x86
		{EF5AEDC4-2713-4285-ABE9-31624308EF68}.Debug|iPhone.Deploy.0 = Debug|x86
		{EF5AEDC4-2713-4285-ABE9-31624308EF68}.Debug|iPhoneSimulator.ActiveCfg = Debug|x86
		{EF5AEDC4-2713-4285-ABE9-31624308EF68}.Debug|iPhoneSimulator.Build.0 = Debug|x86
		{EF5AEDC4-2713-4285-ABE9-31624308EF68}.Debug|iPhoneSimulator.Deploy.0 = Debug|x86
		{EF5AEDC4-2713-4285-ABE9-31624308EF68}.Debug|x64.ActiveCfg = Debug|x64
		{EF5AEDC4-2713-4285-ABE9-31624308EF68}.Debug|x64.Build.0 = Debug|x64
		{EF5AEDC4-2713-4285-ABE9-31624308EF68}.Debug|x64.Deploy.0 = Debug|x64
		{EF5AEDC4-2713-4285-ABE9-31624308EF68}.Debug|x86.ActiveCfg = Debug|x86
		{EF5AEDC4-2713-4285-ABE9-31624308EF68}.Debug|x86.Build.0 = Debug|x86
		{EF5AEDC4-2713-4285-ABE9-31624308EF68}.Debug|x86.Deploy.0 = Debug|x86
		{EF5AEDC4-2713-4285-ABE9-31624308EF68}.Release|Any CPU.ActiveCfg = Release|x86
		{EF5AEDC4-2713-4285-ABE9-31624308EF68}.Release|Any CPU.Build.0 = Release|x86
		{EF5AEDC4-2713-4285-ABE9-31624308EF68}.Release|Any CPU.Deploy.0 = Release|x86
		{EF5AEDC4-2713-4285-ABE9-31624308EF68}.Release|ARM.ActiveCfg = Release|ARM
		{EF5AEDC4-2713-4285-ABE9-31624308EF68}.Release|ARM.Build.0 = Release|ARM
		{EF5AEDC4-2713-4285-ABE9-31624308EF68}.Release|ARM.Deploy.0 = Release|ARM
		{EF5AEDC4-2713-4285-ABE9-31624308EF68}.Release|iPhone.ActiveCfg = Release|x86
		{EF5AEDC4-2713-4285-ABE9-31624308EF68}.Release|iPhone.Build.0 = Release|x86
		{EF5AEDC4-2713-4285-ABE9-31624308EF68}.Release|iPhone.Deploy.0 = Release|x86
		{EF5AEDC4-2713-4285-ABE9-31624308EF68}.Release|iPhoneSimulator.ActiveCfg = Release|x86
		{EF5AEDC4-2713-4285-ABE9-31624308EF68}.Release|iPhoneSimulator.Build.0 = Release|x86
		{EF5AEDC4-2713-4285-ABE9-31624308EF68}.Release|iPhoneSimulator.Deploy.0 = Release|x86
		{EF5AEDC4-2713-4285-ABE9-31624308EF68}.Release|x64.ActiveCfg = Release|x64
		{EF5AEDC4-2713-4285-ABE9-31624308EF68}.Release|x64.Build.0 = Release|x64
		{EF5AEDC4-2713-4285-ABE9-31624308EF68}.Release|x64.Deploy.0 = Release|x64
		{EF5AEDC4-2713-4285-ABE9-31624308EF68}.Release|x86.ActiveCfg = Release|x86
		{EF5AEDC4-2713-4285-ABE9-31624308EF68}.Release|x86.Build.0 = Release|x86
		{EF5AEDC4-2713-4285-ABE9-31624308EF68}.Release|x86.Deploy.0 = Release|x86
		{1A419129-79F7-4972-97F9-1FB5BBBDAED4}.Ad-Hoc|Any CPU.ActiveCfg = Debug|Any CPU
		{1A419129-79F7-4972-97F9-1FB5BBBDAED4}.Ad-Hoc|Any CPU.Build.0 = Debug|Any CPU
		{1A419129-79F7-4972-97F9-1FB5BBBDAED4}.Ad-Hoc|Any CPU.Deploy.0 = Debug|Any CPU
		{1A419129-79F7-4972-97F9-1FB5BBBDAED4}.Ad-Hoc|ARM.ActiveCfg = Debug|Any CPU
		{1A419129-79F7-4972-97F9-1FB5BBBDAED4}.Ad-Hoc|ARM.Build.0 = Debug|Any CPU
		{1A419129-79F7-4972-97F9-1FB5BBBDAED4}.Ad-Hoc|ARM.Deploy.0 = Debug|Any CPU
		{1A419129-79F7-4972-97F9-1FB5BBBDAED4}.Ad-Hoc|iPhone.ActiveCfg = Debug|Any CPU
		{1A419129-79F7-4972-97F9-1FB5BBBDAED4}.Ad-Hoc|iPhone.Build.0 = Debug|Any CPU
		{1A419129-79F7-4972-97F9-1FB5BBBDAED4}.Ad-Hoc|iPhone.Deploy.0 = Debug|Any CPU
		{1A419129-79F7-4972-97F9-1FB5BBBDAED4}.Ad-Hoc|iPhoneSimulator.ActiveCfg = Debug|Any CPU
		{1A419129-79F7-4972-97F9-1FB5BBBDAED4}.Ad-Hoc|iPhoneSimulator.Build.0 = Debug|Any CPU
		{1A419129-79F7-4972-97F9-1FB5BBBDAED4}.Ad-Hoc|iPhoneSimulator.Deploy.0 = Debug|Any CPU
		{1A419129-79F7-4972-97F9-1FB5BBBDAED4}.Ad-Hoc|x64.ActiveCfg = Debug|Any CPU
		{1A419129-79F7-4972-97F9-1FB5BBBDAED4}.Ad-Hoc|x64.Build.0 = Debug|Any CPU
		{1A419129-79F7-4972-97F9-1FB5BBBDAED4}.Ad-Hoc|x64.Deploy.0 = Debug|Any CPU
		{1A419129-79F7-4972-97F9-1FB5BBBDAED4}.Ad-Hoc|x86.ActiveCfg = Debug|Any CPU
		{1A419129-79F7-4972-97F9-1FB5BBBDAED4}.Ad-Hoc|x86.Build.0 = Debug|Any CPU
		{1A419129-79F7-4972-97F9-1FB5BBBDAED4}.Ad-Hoc|x86.Deploy.0 = Debug|Any CPU
		{1A419129-79F7-4972-97F9-1FB5BBBDAED4}.AppStore|Any CPU.ActiveCfg = Debug|Any CPU
		{1A419129-79F7-4972-97F9-1FB5BBBDAED4}.AppStore|Any CPU.Build.0 = Debug|Any CPU
		{1A419129-79F7-4972-97F9-1FB5BBBDAED4}.AppStore|Any CPU.Deploy.0 = Debug|Any CPU
		{1A419129-79F7-4972-97F9-1FB5BBBDAED4}.AppStore|ARM.ActiveCfg = Debug|Any CPU
		{1A419129-79F7-4972-97F9-1FB5BBBDAED4}.AppStore|ARM.Build.0 = Debug|Any CPU
		{1A419129-79F7-4972-97F9-1FB5BBBDAED4}.AppStore|ARM.Deploy.0 = Debug|Any CPU
		{1A419129-79F7-4972-97F9-1FB5BBBDAED4}.AppStore|iPhone.ActiveCfg = Debug|Any CPU
		{1A419129-79F7-4972-97F9-1FB5BBBDAED4}.AppStore|iPhone.Build.0 = Debug|Any CPU
		{1A419129-79F7-4972-97F9-1FB5BBBDAED4}.AppStore|iPhone.Deploy.0 = Debug|Any CPU
		{1A419129-79F7-4972-97F9-1FB5BBBDAED4}.AppStore|iPhoneSimulator.ActiveCfg = Debug|Any CPU
		{1A419129-79F7-4972-97F9-1FB5BBBDAED4}.AppStore|iPhoneSimulator.Build.0 = Debug|Any CPU
		{1A419129-79F7-4972-97F9-1FB5BBBDAED4}.AppStore|iPhoneSimulator.Deploy.0 = Debug|Any CPU
		{1A419129-79F7-4972-97F9-1FB5BBBDAED4}.AppStore|x64.ActiveCfg = Debug|Any CPU
		{1A419129-79F7-4972-97F9-1FB5BBBDAED4}.AppStore|x64.Build.0 = Debug|Any CPU
		{1A419129-79F7-4972-97F9-1FB5BBBDAED4}.AppStore|x64.Deploy.0 = Debug|Any CPU
		{1A419129-79F7-4972-97F9-1FB5BBBDAED4}.AppStore|x86.ActiveCfg = Debug|Any CPU
		{1A419129-79F7-4972-97F9-1FB5BBBDAED4}.AppStore|x86.Build.0 = Debug|Any CPU
		{1A419129-79F7-4972-97F9-1FB5BBBDAED4}.AppStore|x86.Deploy.0 = Debug|Any CPU
		{1A419129-79F7-4972-97F9-1FB5BBBDAED4}.Debug|Any CPU.ActiveCfg = Debug|Any CPU
		{1A419129-79F7-4972-97F9-1FB5BBBDAED4}.Debug|Any CPU.Build.0 = Debug|Any CPU
		{1A419129-79F7-4972-97F9-1FB5BBBDAED4}.Debug|Any CPU.Deploy.0 = Debug|Any CPU
		{1A419129-79F7-4972-97F9-1FB5BBBDAED4}.Debug|ARM.ActiveCfg = Debug|Any CPU
		{1A419129-79F7-4972-97F9-1FB5BBBDAED4}.Debug|ARM.Build.0 = Debug|Any CPU
		{1A419129-79F7-4972-97F9-1FB5BBBDAED4}.Debug|ARM.Deploy.0 = Debug|Any CPU
		{1A419129-79F7-4972-97F9-1FB5BBBDAED4}.Debug|iPhone.ActiveCfg = Debug|Any CPU
		{1A419129-79F7-4972-97F9-1FB5BBBDAED4}.Debug|iPhone.Build.0 = Debug|Any CPU
		{1A419129-79F7-4972-97F9-1FB5BBBDAED4}.Debug|iPhone.Deploy.0 = Debug|Any CPU
		{1A419129-79F7-4972-97F9-1FB5BBBDAED4}.Debug|iPhoneSimulator.ActiveCfg = Debug|Any CPU
		{1A419129-79F7-4972-97F9-1FB5BBBDAED4}.Debug|iPhoneSimulator.Build.0 = Debug|Any CPU
		{1A419129-79F7-4972-97F9-1FB5BBBDAED4}.Debug|iPhoneSimulator.Deploy.0 = Debug|Any CPU
		{1A419129-79F7-4972-97F9-1FB5BBBDAED4}.Debug|x64.ActiveCfg = Debug|Any CPU
		{1A419129-79F7-4972-97F9-1FB5BBBDAED4}.Debug|x64.Build.0 = Debug|Any CPU
		{1A419129-79F7-4972-97F9-1FB5BBBDAED4}.Debug|x64.Deploy.0 = Debug|Any CPU
		{1A419129-79F7-4972-97F9-1FB5BBBDAED4}.Debug|x86.ActiveCfg = Debug|Any CPU
		{1A419129-79F7-4972-97F9-1FB5BBBDAED4}.Debug|x86.Build.0 = Debug|Any CPU
		{1A419129-79F7-4972-97F9-1FB5BBBDAED4}.Debug|x86.Deploy.0 = Debug|Any CPU
		{1A419129-79F7-4972-97F9-1FB5BBBDAED4}.Release|Any CPU.ActiveCfg = Release|Any CPU
		{1A419129-79F7-4972-97F9-1FB5BBBDAED4}.Release|Any CPU.Build.0 = Release|Any CPU
		{1A419129-79F7-4972-97F9-1FB5BBBDAED4}.Release|Any CPU.Deploy.0 = Release|Any CPU
		{1A419129-79F7-4972-97F9-1FB5BBBDAED4}.Release|ARM.ActiveCfg = Release|Any CPU
		{1A419129-79F7-4972-97F9-1FB5BBBDAED4}.Release|ARM.Build.0 = Release|Any CPU
		{1A419129-79F7-4972-97F9-1FB5BBBDAED4}.Release|ARM.Deploy.0 = Release|Any CPU
		{1A419129-79F7-4972-97F9-1FB5BBBDAED4}.Release|iPhone.ActiveCfg = Release|Any CPU
		{1A419129-79F7-4972-97F9-1FB5BBBDAED4}.Release|iPhone.Build.0 = Release|Any CPU
		{1A419129-79F7-4972-97F9-1FB5BBBDAED4}.Release|iPhone.Deploy.0 = Release|Any CPU
		{1A419129-79F7-4972-97F9-1FB5BBBDAED4}.Release|iPhoneSimulator.ActiveCfg = Release|Any CPU
		{1A419129-79F7-4972-97F9-1FB5BBBDAED4}.Release|iPhoneSimulator.Build.0 = Release|Any CPU
		{1A419129-79F7-4972-97F9-1FB5BBBDAED4}.Release|iPhoneSimulator.Deploy.0 = Release|Any CPU
		{1A419129-79F7-4972-97F9-1FB5BBBDAED4}.Release|x64.ActiveCfg = Release|Any CPU
		{1A419129-79F7-4972-97F9-1FB5BBBDAED4}.Release|x64.Build.0 = Release|Any CPU
		{1A419129-79F7-4972-97F9-1FB5BBBDAED4}.Release|x64.Deploy.0 = Release|Any CPU
		{1A419129-79F7-4972-97F9-1FB5BBBDAED4}.Release|x86.ActiveCfg = Release|Any CPU
		{1A419129-79F7-4972-97F9-1FB5BBBDAED4}.Release|x86.Build.0 = Release|Any CPU
		{1A419129-79F7-4972-97F9-1FB5BBBDAED4}.Release|x86.Deploy.0 = Release|Any CPU
	EndGlobalSection
	GlobalSection(SolutionProperties) = preSolution
		HideSolutionNode = FALSE
	EndGlobalSection
	GlobalSection(ExtensibilityGlobals) = postSolution
		SolutionGuid = {C6F00946-8A0A-4C51-95F9-4EC829178809}
	EndGlobalSection
EndGlobal
